// !$*UTF8*$!
{
	archiveVersion = 1;
	classes = {
	};
	objectVersion = 52;
	objects = {

/* Begin PBXBuildFile section */
		740B78742675FAAF00BE773E /* AppDelegate.swift in Sources */ = {isa = PBXBuildFile; fileRef = 740B78732675FAAF00BE773E /* AppDelegate.swift */; };
		740B78762675FAAF00BE773E /* SceneDelegate.swift in Sources */ = {isa = PBXBuildFile; fileRef = 740B78752675FAAF00BE773E /* SceneDelegate.swift */; };
		740B78782675FAAF00BE773E /* FriendsTableViewController.swift in Sources */ = {isa = PBXBuildFile; fileRef = 740B78772675FAAF00BE773E /* FriendsTableViewController.swift */; };
		740B787B2675FAAF00BE773E /* Main.storyboard in Resources */ = {isa = PBXBuildFile; fileRef = 740B78792675FAAF00BE773E /* Main.storyboard */; };
		740B787D2675FAB900BE773E /* Assets.xcassets in Resources */ = {isa = PBXBuildFile; fileRef = 740B787C2675FAB900BE773E /* Assets.xcassets */; };
		740B78802675FAB900BE773E /* LaunchScreen.storyboard in Resources */ = {isa = PBXBuildFile; fileRef = 740B787E2675FAB900BE773E /* LaunchScreen.storyboard */; };
		740B78882675FB2400BE773E /* LoginViewController.swift in Sources */ = {isa = PBXBuildFile; fileRef = 740B78872675FB2400BE773E /* LoginViewController.swift */; };
		74157B6127141B67005FE462 /* VKResponse.swift in Sources */ = {isa = PBXBuildFile; fileRef = 74157B6027141B67005FE462 /* VKResponse.swift */; };
		74157B6427149E5E005FE462 /* Nuke in Frameworks */ = {isa = PBXBuildFile; productRef = 74157B6327149E5E005FE462 /* Nuke */; };
		741BEC252715D7AF00284B42 /* Photo.swift in Sources */ = {isa = PBXBuildFile; fileRef = 741BEC242715D7AF00284B42 /* Photo.swift */; };
		742174C826A059EA001C504A /* FriendsFotoGallaryViewController.swift in Sources */ = {isa = PBXBuildFile; fileRef = 742174C726A059EA001C504A /* FriendsFotoGallaryViewController.swift */; };
		7424F0FB270B311E006B8B4E /* Singletone.swift in Sources */ = {isa = PBXBuildFile; fileRef = 7424F0FA270B311E006B8B4E /* Singletone.swift */; };
		7463CEF8274290C6001BAD09 /* NewsTextTableViewCell.swift in Sources */ = {isa = PBXBuildFile; fileRef = 7463CEF6274290C6001BAD09 /* NewsTextTableViewCell.swift */; };
		7463CEF9274290C6001BAD09 /* NewsTextTableViewCell.xib in Resources */ = {isa = PBXBuildFile; fileRef = 7463CEF7274290C6001BAD09 /* NewsTextTableViewCell.xib */; };
		7463CEFC2742956A001BAD09 /* NewsImageTableViewCell.swift in Sources */ = {isa = PBXBuildFile; fileRef = 7463CEFA2742956A001BAD09 /* NewsImageTableViewCell.swift */; };
		7463CEFD2742956A001BAD09 /* NewsImageTableViewCell.xib in Resources */ = {isa = PBXBuildFile; fileRef = 7463CEFB2742956A001BAD09 /* NewsImageTableViewCell.xib */; };
		7468D7A9271EECF000F89229 /* RealmUsers.swift in Sources */ = {isa = PBXBuildFile; fileRef = 7468D7A8271EECF000F89229 /* RealmUsers.swift */; };
		7468D7AB271F12FF00F89229 /* RealmService.swift in Sources */ = {isa = PBXBuildFile; fileRef = 7468D7AA271F12FF00F89229 /* RealmService.swift */; };
		7468D7AD271F2E2200F89229 /* RealmGroups.swift in Sources */ = {isa = PBXBuildFile; fileRef = 7468D7AC271F2E2200F89229 /* RealmGroups.swift */; };
		7468D7AF271F346600F89229 /* RealmPhoto.swift in Sources */ = {isa = PBXBuildFile; fileRef = 7468D7AE271F346600F89229 /* RealmPhoto.swift */; };
		746AED8D270F2FFD009B3E54 /* NetworkLayer.swift in Sources */ = {isa = PBXBuildFile; fileRef = 746AED8C270F2FFD009B3E54 /* NetworkLayer.swift */; };
		7474450D2692F1C30084787D /* NewsViewController.swift in Sources */ = {isa = PBXBuildFile; fileRef = 7474450C2692F1C30084787D /* NewsViewController.swift */; };
		7474450F2692F2740084787D /* News.swift in Sources */ = {isa = PBXBuildFile; fileRef = 7474450E2692F2740084787D /* News.swift */; };
		74BA71B027410949005AAD7B /* NewsHeaderTableViewCell.swift in Sources */ = {isa = PBXBuildFile; fileRef = 74BA71AE27410949005AAD7B /* NewsHeaderTableViewCell.swift */; };
		74BA71B127410949005AAD7B /* NewsHeaderTableViewCell.xib in Resources */ = {isa = PBXBuildFile; fileRef = 74BA71AF27410949005AAD7B /* NewsHeaderTableViewCell.xib */; };
		74BA71B4274119C1005AAD7B /* NewFooterTableViewCell.swift in Sources */ = {isa = PBXBuildFile; fileRef = 74BA71B2274119C1005AAD7B /* NewFooterTableViewCell.swift */; };
		74BA71B5274119C1005AAD7B /* NewFooterTableViewCell.xib in Resources */ = {isa = PBXBuildFile; fileRef = 74BA71B3274119C1005AAD7B /* NewFooterTableViewCell.xib */; };
		74E82A9F2682267500D7EA15 /* XibTableViewCell.swift in Sources */ = {isa = PBXBuildFile; fileRef = 74E82A9D2682267500D7EA15 /* XibTableViewCell.swift */; };
		74E82AA02682267500D7EA15 /* XibTableViewCell.xib in Resources */ = {isa = PBXBuildFile; fileRef = 74E82A9E2682267500D7EA15 /* XibTableViewCell.xib */; };
		74E82AA426824D8B00D7EA15 /* GroupsViewController.swift in Sources */ = {isa = PBXBuildFile; fileRef = 74E82AA326824D8A00D7EA15 /* GroupsViewController.swift */; };
		74E82AA72682549500D7EA15 /* XibCollectionViewCell.swift in Sources */ = {isa = PBXBuildFile; fileRef = 74E82AA52682549500D7EA15 /* XibCollectionViewCell.swift */; };
		74E82AA82682549500D7EA15 /* XibCollectionViewCell.xib in Resources */ = {isa = PBXBuildFile; fileRef = 74E82AA62682549500D7EA15 /* XibCollectionViewCell.xib */; };
		74E82AB026826CC600D7EA15 /* FriendsCollectionViewController.swift in Sources */ = {isa = PBXBuildFile; fileRef = 74E82AAF26826CC600D7EA15 /* FriendsCollectionViewController.swift */; };
		74E82AB2268274D500D7EA15 /* AllGroupsViewController.swift in Sources */ = {isa = PBXBuildFile; fileRef = 74E82AB1268274D400D7EA15 /* AllGroupsViewController.swift */; };
		74E9DBD02688F00A00473348 /* Users.swift in Sources */ = {isa = PBXBuildFile; fileRef = 74E9DBCF2688F00A00473348 /* Users.swift */; };
		74E9DBD22688F16700473348 /* Groups.swift in Sources */ = {isa = PBXBuildFile; fileRef = 74E9DBD12688F16700473348 /* Groups.swift */; };
		74E9DBD42688F23900473348 /* MainTabbarController.swift in Sources */ = {isa = PBXBuildFile; fileRef = 74E9DBD32688F23900473348 /* MainTabbarController.swift */; };
		C31C0F768B1C899C95CB3202 /* Pods_VKClient.framework in Frameworks */ = {isa = PBXBuildFile; fileRef = 221D098C53F7DBA84EA4E168 /* Pods_VKClient.framework */; };
/* End PBXBuildFile section */

/* Begin PBXFileReference section */
		221D098C53F7DBA84EA4E168 /* Pods_VKClient.framework */ = {isa = PBXFileReference; explicitFileType = wrapper.framework; includeInIndex = 0; path = Pods_VKClient.framework; sourceTree = BUILT_PRODUCTS_DIR; };
		25AF3B71D8E154F024CA0099 /* Pods-VKClient.debug.xcconfig */ = {isa = PBXFileReference; includeInIndex = 1; lastKnownFileType = text.xcconfig; name = "Pods-VKClient.debug.xcconfig"; path = "Target Support Files/Pods-VKClient/Pods-VKClient.debug.xcconfig"; sourceTree = "<group>"; };
		55D78361021EDDC0879F18FE /* Pods-VKClient.release.xcconfig */ = {isa = PBXFileReference; includeInIndex = 1; lastKnownFileType = text.xcconfig; name = "Pods-VKClient.release.xcconfig"; path = "Target Support Files/Pods-VKClient/Pods-VKClient.release.xcconfig"; sourceTree = "<group>"; };
		740B78702675FAAF00BE773E /* VKClient.app */ = {isa = PBXFileReference; explicitFileType = wrapper.application; includeInIndex = 0; path = VKClient.app; sourceTree = BUILT_PRODUCTS_DIR; };
		740B78732675FAAF00BE773E /* AppDelegate.swift */ = {isa = PBXFileReference; lastKnownFileType = sourcecode.swift; path = AppDelegate.swift; sourceTree = "<group>"; };
		740B78752675FAAF00BE773E /* SceneDelegate.swift */ = {isa = PBXFileReference; lastKnownFileType = sourcecode.swift; path = SceneDelegate.swift; sourceTree = "<group>"; };
		740B78772675FAAF00BE773E /* FriendsTableViewController.swift */ = {isa = PBXFileReference; lastKnownFileType = sourcecode.swift; path = FriendsTableViewController.swift; sourceTree = "<group>"; };
		740B787A2675FAAF00BE773E /* Base */ = {isa = PBXFileReference; lastKnownFileType = file.storyboard; name = Base; path = Base.lproj/Main.storyboard; sourceTree = "<group>"; };
		740B787C2675FAB900BE773E /* Assets.xcassets */ = {isa = PBXFileReference; lastKnownFileType = folder.assetcatalog; path = Assets.xcassets; sourceTree = "<group>"; };
		740B787F2675FAB900BE773E /* Base */ = {isa = PBXFileReference; lastKnownFileType = file.storyboard; name = Base; path = Base.lproj/LaunchScreen.storyboard; sourceTree = "<group>"; };
		740B78812675FAB900BE773E /* Info.plist */ = {isa = PBXFileReference; lastKnownFileType = text.plist.xml; path = Info.plist; sourceTree = "<group>"; };
		740B78872675FB2400BE773E /* LoginViewController.swift */ = {isa = PBXFileReference; lastKnownFileType = sourcecode.swift; path = LoginViewController.swift; sourceTree = "<group>"; };
		74157B6027141B67005FE462 /* VKResponse.swift */ = {isa = PBXFileReference; lastKnownFileType = sourcecode.swift; path = VKResponse.swift; sourceTree = "<group>"; };
		741BEC242715D7AF00284B42 /* Photo.swift */ = {isa = PBXFileReference; lastKnownFileType = sourcecode.swift; path = Photo.swift; sourceTree = "<group>"; };
		742174C726A059EA001C504A /* FriendsFotoGallaryViewController.swift */ = {isa = PBXFileReference; lastKnownFileType = sourcecode.swift; path = FriendsFotoGallaryViewController.swift; sourceTree = "<group>"; };
		7424F0FA270B311E006B8B4E /* Singletone.swift */ = {isa = PBXFileReference; lastKnownFileType = sourcecode.swift; path = Singletone.swift; sourceTree = "<group>"; };
		7463CEF6274290C6001BAD09 /* NewsTextTableViewCell.swift */ = {isa = PBXFileReference; lastKnownFileType = sourcecode.swift; path = NewsTextTableViewCell.swift; sourceTree = "<group>"; };
		7463CEF7274290C6001BAD09 /* NewsTextTableViewCell.xib */ = {isa = PBXFileReference; lastKnownFileType = file.xib; path = NewsTextTableViewCell.xib; sourceTree = "<group>"; };
		7463CEFA2742956A001BAD09 /* NewsImageTableViewCell.swift */ = {isa = PBXFileReference; lastKnownFileType = sourcecode.swift; path = NewsImageTableViewCell.swift; sourceTree = "<group>"; };
		7463CEFB2742956A001BAD09 /* NewsImageTableViewCell.xib */ = {isa = PBXFileReference; lastKnownFileType = file.xib; path = NewsImageTableViewCell.xib; sourceTree = "<group>"; };
		7468D7A8271EECF000F89229 /* RealmUsers.swift */ = {isa = PBXFileReference; lastKnownFileType = sourcecode.swift; path = RealmUsers.swift; sourceTree = "<group>"; };
		7468D7AA271F12FF00F89229 /* RealmService.swift */ = {isa = PBXFileReference; lastKnownFileType = sourcecode.swift; path = RealmService.swift; sourceTree = "<group>"; };
		7468D7AC271F2E2200F89229 /* RealmGroups.swift */ = {isa = PBXFileReference; lastKnownFileType = sourcecode.swift; path = RealmGroups.swift; sourceTree = "<group>"; };
		7468D7AE271F346600F89229 /* RealmPhoto.swift */ = {isa = PBXFileReference; lastKnownFileType = sourcecode.swift; path = RealmPhoto.swift; sourceTree = "<group>"; };
		746AED8C270F2FFD009B3E54 /* NetworkLayer.swift */ = {isa = PBXFileReference; lastKnownFileType = sourcecode.swift; path = NetworkLayer.swift; sourceTree = "<group>"; };
		7474450C2692F1C30084787D /* NewsViewController.swift */ = {isa = PBXFileReference; lastKnownFileType = sourcecode.swift; path = NewsViewController.swift; sourceTree = "<group>"; };
		7474450E2692F2740084787D /* News.swift */ = {isa = PBXFileReference; lastKnownFileType = sourcecode.swift; path = News.swift; sourceTree = "<group>"; };
		74BA71AE27410949005AAD7B /* NewsHeaderTableViewCell.swift */ = {isa = PBXFileReference; lastKnownFileType = sourcecode.swift; path = NewsHeaderTableViewCell.swift; sourceTree = "<group>"; };
		74BA71AF27410949005AAD7B /* NewsHeaderTableViewCell.xib */ = {isa = PBXFileReference; lastKnownFileType = file.xib; path = NewsHeaderTableViewCell.xib; sourceTree = "<group>"; };
		74BA71B2274119C1005AAD7B /* NewFooterTableViewCell.swift */ = {isa = PBXFileReference; lastKnownFileType = sourcecode.swift; path = NewFooterTableViewCell.swift; sourceTree = "<group>"; };
		74BA71B3274119C1005AAD7B /* NewFooterTableViewCell.xib */ = {isa = PBXFileReference; lastKnownFileType = file.xib; path = NewFooterTableViewCell.xib; sourceTree = "<group>"; };
		74E82A9D2682267500D7EA15 /* XibTableViewCell.swift */ = {isa = PBXFileReference; lastKnownFileType = sourcecode.swift; path = XibTableViewCell.swift; sourceTree = "<group>"; };
		74E82A9E2682267500D7EA15 /* XibTableViewCell.xib */ = {isa = PBXFileReference; lastKnownFileType = file.xib; path = XibTableViewCell.xib; sourceTree = "<group>"; };
		74E82AA326824D8A00D7EA15 /* GroupsViewController.swift */ = {isa = PBXFileReference; lastKnownFileType = sourcecode.swift; path = GroupsViewController.swift; sourceTree = "<group>"; };
		74E82AA52682549500D7EA15 /* XibCollectionViewCell.swift */ = {isa = PBXFileReference; lastKnownFileType = sourcecode.swift; path = XibCollectionViewCell.swift; sourceTree = "<group>"; };
		74E82AA62682549500D7EA15 /* XibCollectionViewCell.xib */ = {isa = PBXFileReference; lastKnownFileType = file.xib; path = XibCollectionViewCell.xib; sourceTree = "<group>"; };
		74E82AAF26826CC600D7EA15 /* FriendsCollectionViewController.swift */ = {isa = PBXFileReference; lastKnownFileType = sourcecode.swift; path = FriendsCollectionViewController.swift; sourceTree = "<group>"; };
		74E82AB1268274D400D7EA15 /* AllGroupsViewController.swift */ = {isa = PBXFileReference; lastKnownFileType = sourcecode.swift; path = AllGroupsViewController.swift; sourceTree = "<group>"; };
		74E9DBCF2688F00A00473348 /* Users.swift */ = {isa = PBXFileReference; lastKnownFileType = sourcecode.swift; path = Users.swift; sourceTree = "<group>"; };
		74E9DBD12688F16700473348 /* Groups.swift */ = {isa = PBXFileReference; lastKnownFileType = sourcecode.swift; path = Groups.swift; sourceTree = "<group>"; };
		74E9DBD32688F23900473348 /* MainTabbarController.swift */ = {isa = PBXFileReference; lastKnownFileType = sourcecode.swift; path = MainTabbarController.swift; sourceTree = "<group>"; };
/* End PBXFileReference section */

/* Begin PBXFrameworksBuildPhase section */
		740B786D2675FAAF00BE773E /* Frameworks */ = {
			isa = PBXFrameworksBuildPhase;
			buildActionMask = 2147483647;
			files = (
				C31C0F768B1C899C95CB3202 /* Pods_VKClient.framework in Frameworks */,
				74157B6427149E5E005FE462 /* Nuke in Frameworks */,
			);
			runOnlyForDeploymentPostprocessing = 0;
		};
/* End PBXFrameworksBuildPhase section */

/* Begin PBXGroup section */
		740B78672675FAAF00BE773E = {
			isa = PBXGroup;
			children = (
				740B78722675FAAF00BE773E /* VKClient */,
				740B78712675FAAF00BE773E /* Products */,
				FF25FD875DE43EA37247301F /* Pods */,
				A5E1FFB390D801A3AFB542E3 /* Frameworks */,
			);
			sourceTree = "<group>";
		};
		740B78712675FAAF00BE773E /* Products */ = {
			isa = PBXGroup;
			children = (
				740B78702675FAAF00BE773E /* VKClient.app */,
			);
			name = Products;
			sourceTree = "<group>";
		};
		740B78722675FAAF00BE773E /* VKClient */ = {
			isa = PBXGroup;
			children = (
				7424F0F9270B310A006B8B4E /* Core */,
				747445092692F0E60084787D /* News */,
				74E9DBCE2688EFF600473348 /* Model */,
				742DB757268B7C5600359147 /* Friends */,
				742DB758268B7C8100359147 /* Groups */,
				742DB759268B7CA100359147 /* Cells */,
				740B78792675FAAF00BE773E /* Main.storyboard */,
				74E9DBD32688F23900473348 /* MainTabbarController.swift */,
				746AED8E270F3515009B3E54 /* Services */,
				743BC4DA270EFD0B003348CD /* LoginView */,
				740B787C2675FAB900BE773E /* Assets.xcassets */,
				740B78732675FAAF00BE773E /* AppDelegate.swift */,
				740B78752675FAAF00BE773E /* SceneDelegate.swift */,
				740B787E2675FAB900BE773E /* LaunchScreen.storyboard */,
				740B78812675FAB900BE773E /* Info.plist */,
			);
			path = VKClient;
			sourceTree = "<group>";
		};
		7424F0F9270B310A006B8B4E /* Core */ = {
			isa = PBXGroup;
			children = (
				7424F0FA270B311E006B8B4E /* Singletone.swift */,
			);
			path = Core;
			sourceTree = "<group>";
		};
		742DB757268B7C5600359147 /* Friends */ = {
			isa = PBXGroup;
			children = (
				740B78772675FAAF00BE773E /* FriendsTableViewController.swift */,
				74E82AAF26826CC600D7EA15 /* FriendsCollectionViewController.swift */,
				742174C726A059EA001C504A /* FriendsFotoGallaryViewController.swift */,
			);
			path = Friends;
			sourceTree = "<group>";
		};
		742DB758268B7C8100359147 /* Groups */ = {
			isa = PBXGroup;
			children = (
				74E82AB1268274D400D7EA15 /* AllGroupsViewController.swift */,
				74E82AA326824D8A00D7EA15 /* GroupsViewController.swift */,
			);
			path = Groups;
			sourceTree = "<group>";
		};
		742DB759268B7CA100359147 /* Cells */ = {
			isa = PBXGroup;
			children = (
				74E82AA52682549500D7EA15 /* XibCollectionViewCell.swift */,
				74E82AA62682549500D7EA15 /* XibCollectionViewCell.xib */,
				74E82A9D2682267500D7EA15 /* XibTableViewCell.swift */,
				74E82A9E2682267500D7EA15 /* XibTableViewCell.xib */,
			);
			path = Cells;
			sourceTree = "<group>";
		};
		743BC4DA270EFD0B003348CD /* LoginView */ = {
			isa = PBXGroup;
			children = (
				740B78872675FB2400BE773E /* LoginViewController.swift */,
			);
			path = LoginView;
			sourceTree = "<group>";
		};
		7468D7A7271EECDA00F89229 /* Realm */ = {
			isa = PBXGroup;
			children = (
				7468D7A8271EECF000F89229 /* RealmUsers.swift */,
				7468D7AE271F346600F89229 /* RealmPhoto.swift */,
				7468D7AC271F2E2200F89229 /* RealmGroups.swift */,
			);
			path = Realm;
			sourceTree = "<group>";
		};
		746AED8E270F3515009B3E54 /* Services */ = {
			isa = PBXGroup;
			children = (
				746AED8C270F2FFD009B3E54 /* NetworkLayer.swift */,
				7468D7AA271F12FF00F89229 /* RealmService.swift */,
			);
			path = Services;
			sourceTree = "<group>";
		};
		747445092692F0E60084787D /* News */ = {
			isa = PBXGroup;
			children = (
				74BA719527410201005AAD7B /* Cells */,
				7474450C2692F1C30084787D /* NewsViewController.swift */,
			);
			path = News;
			sourceTree = "<group>";
		};
		74BA719527410201005AAD7B /* Cells */ = {
			isa = PBXGroup;
			children = (
				74BA71A927410670005AAD7B /* Footer */,
				74BA719A2741023A005AAD7B /* Header */,
				74BA719B2741051F005AAD7B /* Text */,
				74BA71A0274105C6005AAD7B /* Image */,
			);
			path = Cells;
			sourceTree = "<group>";
		};
		74BA719A2741023A005AAD7B /* Header */ = {
			isa = PBXGroup;
			children = (
				74BA71AE27410949005AAD7B /* NewsHeaderTableViewCell.swift */,
				74BA71AF27410949005AAD7B /* NewsHeaderTableViewCell.xib */,
			);
			path = Header;
			sourceTree = "<group>";
		};
		74BA719B2741051F005AAD7B /* Text */ = {
			isa = PBXGroup;
			children = (
				7463CEF6274290C6001BAD09 /* NewsTextTableViewCell.swift */,
				7463CEF7274290C6001BAD09 /* NewsTextTableViewCell.xib */,
			);
			path = Text;
			sourceTree = "<group>";
		};
		74BA71A0274105C6005AAD7B /* Image */ = {
			isa = PBXGroup;
			children = (
				7463CEFA2742956A001BAD09 /* NewsImageTableViewCell.swift */,
				7463CEFB2742956A001BAD09 /* NewsImageTableViewCell.xib */,
			);
			path = Image;
			sourceTree = "<group>";
		};
		74BA71A927410670005AAD7B /* Footer */ = {
			isa = PBXGroup;
			children = (
				74BA71B2274119C1005AAD7B /* NewFooterTableViewCell.swift */,
				74BA71B3274119C1005AAD7B /* NewFooterTableViewCell.xib */,
			);
			path = Footer;
			sourceTree = "<group>";
		};
		74E9DBCE2688EFF600473348 /* Model */ = {
			isa = PBXGroup;
			children = (
				7468D7A7271EECDA00F89229 /* Realm */,
				74E9DBCF2688F00A00473348 /* Users.swift */,
				74E9DBD12688F16700473348 /* Groups.swift */,
				7474450E2692F2740084787D /* News.swift */,
				74157B6027141B67005FE462 /* VKResponse.swift */,
				741BEC242715D7AF00284B42 /* Photo.swift */,
			);
			path = Model;
			sourceTree = "<group>";
		};
		A5E1FFB390D801A3AFB542E3 /* Frameworks */ = {
			isa = PBXGroup;
			children = (
				221D098C53F7DBA84EA4E168 /* Pods_VKClient.framework */,
			);
			name = Frameworks;
			sourceTree = "<group>";
		};
		FF25FD875DE43EA37247301F /* Pods */ = {
			isa = PBXGroup;
			children = (
				25AF3B71D8E154F024CA0099 /* Pods-VKClient.debug.xcconfig */,
				55D78361021EDDC0879F18FE /* Pods-VKClient.release.xcconfig */,
			);
			path = Pods;
			sourceTree = "<group>";
		};
/* End PBXGroup section */

/* Begin PBXNativeTarget section */
		740B786F2675FAAF00BE773E /* VKClient */ = {
			isa = PBXNativeTarget;
			buildConfigurationList = 740B78842675FAB900BE773E /* Build configuration list for PBXNativeTarget "VKClient" */;
			buildPhases = (
				AADB2594293CB8CE334EA7DD /* [CP] Check Pods Manifest.lock */,
				740B786C2675FAAF00BE773E /* Sources */,
				740B786D2675FAAF00BE773E /* Frameworks */,
				740B786E2675FAAF00BE773E /* Resources */,
				CADD182798E18A0439D4D7FB /* [CP] Embed Pods Frameworks */,
			);
			buildRules = (
			);
			dependencies = (
			);
			name = VKClient;
			packageProductDependencies = (
				74157B6327149E5E005FE462 /* Nuke */,
			);
			productName = VKClient;
			productReference = 740B78702675FAAF00BE773E /* VKClient.app */;
			productType = "com.apple.product-type.application";
		};
/* End PBXNativeTarget section */

/* Begin PBXProject section */
		740B78682675FAAF00BE773E /* Project object */ = {
			isa = PBXProject;
			attributes = {
				LastSwiftUpdateCheck = 1250;
				LastUpgradeCheck = 1250;
				TargetAttributes = {
					740B786F2675FAAF00BE773E = {
						CreatedOnToolsVersion = 12.5;
					};
				};
			};
			buildConfigurationList = 740B786B2675FAAF00BE773E /* Build configuration list for PBXProject "VKClient" */;
			compatibilityVersion = "Xcode 9.3";
			developmentRegion = en;
			hasScannedForEncodings = 0;
			knownRegions = (
				en,
				Base,
			);
			mainGroup = 740B78672675FAAF00BE773E;
			packageReferences = (
				74157B6227149E5E005FE462 /* XCRemoteSwiftPackageReference "Nuke" */,
			);
			productRefGroup = 740B78712675FAAF00BE773E /* Products */;
			projectDirPath = "";
			projectRoot = "";
			targets = (
				740B786F2675FAAF00BE773E /* VKClient */,
			);
		};
/* End PBXProject section */

/* Begin PBXResourcesBuildPhase section */
		740B786E2675FAAF00BE773E /* Resources */ = {
			isa = PBXResourcesBuildPhase;
			buildActionMask = 2147483647;
			files = (
				740B78802675FAB900BE773E /* LaunchScreen.storyboard in Resources */,
				740B787D2675FAB900BE773E /* Assets.xcassets in Resources */,
				740B787B2675FAAF00BE773E /* Main.storyboard in Resources */,
				74BA71B127410949005AAD7B /* NewsHeaderTableViewCell.xib in Resources */,
				74E82AA02682267500D7EA15 /* XibTableViewCell.xib in Resources */,
				7463CEFD2742956A001BAD09 /* NewsImageTableViewCell.xib in Resources */,
				74E82AA82682549500D7EA15 /* XibCollectionViewCell.xib in Resources */,
				74BA71B5274119C1005AAD7B /* NewFooterTableViewCell.xib in Resources */,
				7463CEF9274290C6001BAD09 /* NewsTextTableViewCell.xib in Resources */,
			);
			runOnlyForDeploymentPostprocessing = 0;
		};
/* End PBXResourcesBuildPhase section */

/* Begin PBXShellScriptBuildPhase section */
		AADB2594293CB8CE334EA7DD /* [CP] Check Pods Manifest.lock */ = {
			isa = PBXShellScriptBuildPhase;
			buildActionMask = 2147483647;
			files = (
			);
			inputFileListPaths = (
			);
			inputPaths = (
				"${PODS_PODFILE_DIR_PATH}/Podfile.lock",
				"${PODS_ROOT}/Manifest.lock",
			);
			name = "[CP] Check Pods Manifest.lock";
			outputFileListPaths = (
			);
			outputPaths = (
				"$(DERIVED_FILE_DIR)/Pods-VKClient-checkManifestLockResult.txt",
			);
			runOnlyForDeploymentPostprocessing = 0;
			shellPath = /bin/sh;
			shellScript = "diff \"${PODS_PODFILE_DIR_PATH}/Podfile.lock\" \"${PODS_ROOT}/Manifest.lock\" > /dev/null\nif [ $? != 0 ] ; then\n    # print error to STDERR\n    echo \"error: The sandbox is not in sync with the Podfile.lock. Run 'pod install' or update your CocoaPods installation.\" >&2\n    exit 1\nfi\n# This output is used by Xcode 'outputs' to avoid re-running this script phase.\necho \"SUCCESS\" > \"${SCRIPT_OUTPUT_FILE_0}\"\n";
			showEnvVarsInLog = 0;
		};
		CADD182798E18A0439D4D7FB /* [CP] Embed Pods Frameworks */ = {
			isa = PBXShellScriptBuildPhase;
			buildActionMask = 2147483647;
			files = (
			);
			inputFileListPaths = (
				"${PODS_ROOT}/Target Support Files/Pods-VKClient/Pods-VKClient-frameworks-${CONFIGURATION}-input-files.xcfilelist",
			);
			name = "[CP] Embed Pods Frameworks";
			outputFileListPaths = (
				"${PODS_ROOT}/Target Support Files/Pods-VKClient/Pods-VKClient-frameworks-${CONFIGURATION}-output-files.xcfilelist",
			);
			runOnlyForDeploymentPostprocessing = 0;
			shellPath = /bin/sh;
			shellScript = "\"${PODS_ROOT}/Target Support Files/Pods-VKClient/Pods-VKClient-frameworks.sh\"\n";
			showEnvVarsInLog = 0;
		};
/* End PBXShellScriptBuildPhase section */

/* Begin PBXSourcesBuildPhase section */
		740B786C2675FAAF00BE773E /* Sources */ = {
			isa = PBXSourcesBuildPhase;
			buildActionMask = 2147483647;
			files = (
				740B78882675FB2400BE773E /* LoginViewController.swift in Sources */,
				7468D7AB271F12FF00F89229 /* RealmService.swift in Sources */,
				74E82AA72682549500D7EA15 /* XibCollectionViewCell.swift in Sources */,
				7474450F2692F2740084787D /* News.swift in Sources */,
				741BEC252715D7AF00284B42 /* Photo.swift in Sources */,
				7468D7AF271F346600F89229 /* RealmPhoto.swift in Sources */,
				746AED8D270F2FFD009B3E54 /* NetworkLayer.swift in Sources */,
				74E9DBD42688F23900473348 /* MainTabbarController.swift in Sources */,
				7463CEFC2742956A001BAD09 /* NewsImageTableViewCell.swift in Sources */,
				74E9DBD22688F16700473348 /* Groups.swift in Sources */,
				74157B6127141B67005FE462 /* VKResponse.swift in Sources */,
				74E9DBD02688F00A00473348 /* Users.swift in Sources */,
				7463CEF8274290C6001BAD09 /* NewsTextTableViewCell.swift in Sources */,
				740B78782675FAAF00BE773E /* FriendsTableViewController.swift in Sources */,
				74BA71B4274119C1005AAD7B /* NewFooterTableViewCell.swift in Sources */,
				74E82AA426824D8B00D7EA15 /* GroupsViewController.swift in Sources */,
				74E82AB2268274D500D7EA15 /* AllGroupsViewController.swift in Sources */,
				7468D7AD271F2E2200F89229 /* RealmGroups.swift in Sources */,
				740B78742675FAAF00BE773E /* AppDelegate.swift in Sources */,
				74E82A9F2682267500D7EA15 /* XibTableViewCell.swift in Sources */,
				7424F0FB270B311E006B8B4E /* Singletone.swift in Sources */,
				7474450D2692F1C30084787D /* NewsViewController.swift in Sources */,
				74BA71B027410949005AAD7B /* NewsHeaderTableViewCell.swift in Sources */,
				74E82AB026826CC600D7EA15 /* FriendsCollectionViewController.swift in Sources */,
				740B78762675FAAF00BE773E /* SceneDelegate.swift in Sources */,
				742174C826A059EA001C504A /* FriendsFotoGallaryViewController.swift in Sources */,
				7468D7A9271EECF000F89229 /* RealmUsers.swift in Sources */,
			);
			runOnlyForDeploymentPostprocessing = 0;
		};
/* End PBXSourcesBuildPhase section */

/* Begin PBXVariantGroup section */
		740B78792675FAAF00BE773E /* Main.storyboard */ = {
			isa = PBXVariantGroup;
			children = (
				740B787A2675FAAF00BE773E /* Base */,
			);
			name = Main.storyboard;
			sourceTree = "<group>";
		};
		740B787E2675FAB900BE773E /* LaunchScreen.storyboard */ = {
			isa = PBXVariantGroup;
			children = (
				740B787F2675FAB900BE773E /* Base */,
			);
			name = LaunchScreen.storyboard;
			sourceTree = "<group>";
		};
/* End PBXVariantGroup section */

/* Begin XCBuildConfiguration section */
		740B78822675FAB900BE773E /* Debug */ = {
			isa = XCBuildConfiguration;
			buildSettings = {
				ALWAYS_SEARCH_USER_PATHS = NO;
				CLANG_ANALYZER_NONNULL = YES;
				CLANG_ANALYZER_NUMBER_OBJECT_CONVERSION = YES_AGGRESSIVE;
				CLANG_CXX_LANGUAGE_STANDARD = "gnu++14";
				CLANG_CXX_LIBRARY = "libc++";
				CLANG_ENABLE_MODULES = YES;
				CLANG_ENABLE_OBJC_ARC = YES;
				CLANG_ENABLE_OBJC_WEAK = YES;
				CLANG_WARN_BLOCK_CAPTURE_AUTORELEASING = YES;
				CLANG_WARN_BOOL_CONVERSION = YES;
				CLANG_WARN_COMMA = YES;
				CLANG_WARN_CONSTANT_CONVERSION = YES;
				CLANG_WARN_DEPRECATED_OBJC_IMPLEMENTATIONS = YES;
				CLANG_WARN_DIRECT_OBJC_ISA_USAGE = YES_ERROR;
				CLANG_WARN_DOCUMENTATION_COMMENTS = YES;
				CLANG_WARN_EMPTY_BODY = YES;
				CLANG_WARN_ENUM_CONVERSION = YES;
				CLANG_WARN_INFINITE_RECURSION = YES;
				CLANG_WARN_INT_CONVERSION = YES;
				CLANG_WARN_NON_LITERAL_NULL_CONVERSION = YES;
				CLANG_WARN_OBJC_IMPLICIT_RETAIN_SELF = YES;
				CLANG_WARN_OBJC_LITERAL_CONVERSION = YES;
				CLANG_WARN_OBJC_ROOT_CLASS = YES_ERROR;
				CLANG_WARN_QUOTED_INCLUDE_IN_FRAMEWORK_HEADER = YES;
				CLANG_WARN_RANGE_LOOP_ANALYSIS = YES;
				CLANG_WARN_STRICT_PROTOTYPES = YES;
				CLANG_WARN_SUSPICIOUS_MOVE = YES;
				CLANG_WARN_UNGUARDED_AVAILABILITY = YES_AGGRESSIVE;
				CLANG_WARN_UNREACHABLE_CODE = YES;
				CLANG_WARN__DUPLICATE_METHOD_MATCH = YES;
				COPY_PHASE_STRIP = NO;
				DEBUG_INFORMATION_FORMAT = dwarf;
				ENABLE_STRICT_OBJC_MSGSEND = YES;
				ENABLE_TESTABILITY = YES;
				GCC_C_LANGUAGE_STANDARD = gnu11;
				GCC_DYNAMIC_NO_PIC = NO;
				GCC_NO_COMMON_BLOCKS = YES;
				GCC_OPTIMIZATION_LEVEL = 0;
				GCC_PREPROCESSOR_DEFINITIONS = (
					"DEBUG=1",
					"$(inherited)",
				);
				GCC_WARN_64_TO_32_BIT_CONVERSION = YES;
				GCC_WARN_ABOUT_RETURN_TYPE = YES_ERROR;
				GCC_WARN_UNDECLARED_SELECTOR = YES;
				GCC_WARN_UNINITIALIZED_AUTOS = YES_AGGRESSIVE;
				GCC_WARN_UNUSED_FUNCTION = YES;
				GCC_WARN_UNUSED_VARIABLE = YES;
				IPHONEOS_DEPLOYMENT_TARGET = 14.5;
				MTL_ENABLE_DEBUG_INFO = INCLUDE_SOURCE;
				MTL_FAST_MATH = YES;
				ONLY_ACTIVE_ARCH = YES;
				SDKROOT = iphoneos;
				SWIFT_ACTIVE_COMPILATION_CONDITIONS = DEBUG;
				SWIFT_OPTIMIZATION_LEVEL = "-Onone";
			};
			name = Debug;
		};
		740B78832675FAB900BE773E /* Release */ = {
			isa = XCBuildConfiguration;
			buildSettings = {
				ALWAYS_SEARCH_USER_PATHS = NO;
				CLANG_ANALYZER_NONNULL = YES;
				CLANG_ANALYZER_NUMBER_OBJECT_CONVERSION = YES_AGGRESSIVE;
				CLANG_CXX_LANGUAGE_STANDARD = "gnu++14";
				CLANG_CXX_LIBRARY = "libc++";
				CLANG_ENABLE_MODULES = YES;
				CLANG_ENABLE_OBJC_ARC = YES;
				CLANG_ENABLE_OBJC_WEAK = YES;
				CLANG_WARN_BLOCK_CAPTURE_AUTORELEASING = YES;
				CLANG_WARN_BOOL_CONVERSION = YES;
				CLANG_WARN_COMMA = YES;
				CLANG_WARN_CONSTANT_CONVERSION = YES;
				CLANG_WARN_DEPRECATED_OBJC_IMPLEMENTATIONS = YES;
				CLANG_WARN_DIRECT_OBJC_ISA_USAGE = YES_ERROR;
				CLANG_WARN_DOCUMENTATION_COMMENTS = YES;
				CLANG_WARN_EMPTY_BODY = YES;
				CLANG_WARN_ENUM_CONVERSION = YES;
				CLANG_WARN_INFINITE_RECURSION = YES;
				CLANG_WARN_INT_CONVERSION = YES;
				CLANG_WARN_NON_LITERAL_NULL_CONVERSION = YES;
				CLANG_WARN_OBJC_IMPLICIT_RETAIN_SELF = YES;
				CLANG_WARN_OBJC_LITERAL_CONVERSION = YES;
				CLANG_WARN_OBJC_ROOT_CLASS = YES_ERROR;
				CLANG_WARN_QUOTED_INCLUDE_IN_FRAMEWORK_HEADER = YES;
				CLANG_WARN_RANGE_LOOP_ANALYSIS = YES;
				CLANG_WARN_STRICT_PROTOTYPES = YES;
				CLANG_WARN_SUSPICIOUS_MOVE = YES;
				CLANG_WARN_UNGUARDED_AVAILABILITY = YES_AGGRESSIVE;
				CLANG_WARN_UNREACHABLE_CODE = YES;
				CLANG_WARN__DUPLICATE_METHOD_MATCH = YES;
				COPY_PHASE_STRIP = NO;
				DEBUG_INFORMATION_FORMAT = "dwarf-with-dsym";
				ENABLE_NS_ASSERTIONS = NO;
				ENABLE_STRICT_OBJC_MSGSEND = YES;
				GCC_C_LANGUAGE_STANDARD = gnu11;
				GCC_NO_COMMON_BLOCKS = YES;
				GCC_WARN_64_TO_32_BIT_CONVERSION = YES;
				GCC_WARN_ABOUT_RETURN_TYPE = YES_ERROR;
				GCC_WARN_UNDECLARED_SELECTOR = YES;
				GCC_WARN_UNINITIALIZED_AUTOS = YES_AGGRESSIVE;
				GCC_WARN_UNUSED_FUNCTION = YES;
				GCC_WARN_UNUSED_VARIABLE = YES;
				IPHONEOS_DEPLOYMENT_TARGET = 14.5;
				MTL_ENABLE_DEBUG_INFO = NO;
				MTL_FAST_MATH = YES;
				SDKROOT = iphoneos;
				SWIFT_COMPILATION_MODE = wholemodule;
				SWIFT_OPTIMIZATION_LEVEL = "-O";
				VALIDATE_PRODUCT = YES;
			};
			name = Release;
		};
		740B78852675FAB900BE773E /* Debug */ = {
			isa = XCBuildConfiguration;
			baseConfigurationReference = 25AF3B71D8E154F024CA0099 /* Pods-VKClient.debug.xcconfig */;
			buildSettings = {
				ASSETCATALOG_COMPILER_APPICON_NAME = AppIcon;
				ASSETCATALOG_COMPILER_GLOBAL_ACCENT_COLOR_NAME = AccentColor;
				CODE_SIGN_STYLE = Automatic;
				DEVELOPMENT_TEAM = 9TMC8XK38T;
				INFOPLIST_FILE = VKClient/Info.plist;
				LD_RUNPATH_SEARCH_PATHS = (
					"$(inherited)",
					"@executable_path/Frameworks",
				);
				PRODUCT_BUNDLE_IDENTIFIER = "Mikhail-Lastovkin.VKClient";
				PRODUCT_NAME = "$(TARGET_NAME)";
				SWIFT_VERSION = 5.0;
				TARGETED_DEVICE_FAMILY = "1,2";
			};
			name = Debug;
		};
		740B78862675FAB900BE773E /* Release */ = {
			isa = XCBuildConfiguration;
			baseConfigurationReference = 55D78361021EDDC0879F18FE /* Pods-VKClient.release.xcconfig */;
			buildSettings = {
				ASSETCATALOG_COMPILER_APPICON_NAME = AppIcon;
				ASSETCATALOG_COMPILER_GLOBAL_ACCENT_COLOR_NAME = AccentColor;
				CODE_SIGN_STYLE = Automatic;
				DEVELOPMENT_TEAM = 9TMC8XK38T;
				INFOPLIST_FILE = VKClient/Info.plist;
				LD_RUNPATH_SEARCH_PATHS = (
					"$(inherited)",
					"@executable_path/Frameworks",
				);
				PRODUCT_BUNDLE_IDENTIFIER = "Mikhail-Lastovkin.VKClient";
				PRODUCT_NAME = "$(TARGET_NAME)";
				SWIFT_VERSION = 5.0;
				TARGETED_DEVICE_FAMILY = "1,2";
			};
			name = Release;
		};
/* End XCBuildConfiguration section */

/* Begin XCConfigurationList section */
		740B786B2675FAAF00BE773E /* Build configuration list for PBXProject "VKClient" */ = {
			isa = XCConfigurationList;
			buildConfigurations = (
				740B78822675FAB900BE773E /* Debug */,
				740B78832675FAB900BE773E /* Release */,
			);
			defaultConfigurationIsVisible = 0;
			defaultConfigurationName = Release;
		};
		740B78842675FAB900BE773E /* Build configuration list for PBXNativeTarget "VKClient" */ = {
			isa = XCConfigurationList;
			buildConfigurations = (
				740B78852675FAB900BE773E /* Debug */,
				740B78862675FAB900BE773E /* Release */,
			);
			defaultConfigurationIsVisible = 0;
			defaultConfigurationName = Release;
		};
/* End XCConfigurationList section */

/* Begin XCRemoteSwiftPackageReference section */
		74157B6227149E5E005FE462 /* XCRemoteSwiftPackageReference "Nuke" */ = {
			isa = XCRemoteSwiftPackageReference;
			repositoryURL = "https://github.com/kean/Nuke.git";
			requirement = {
				kind = upToNextMajorVersion;
				minimumVersion = 9.0.0;
			};
		};
/* End XCRemoteSwiftPackageReference section */

/* Begin XCSwiftPackageProductDependency section */
		74157B6327149E5E005FE462 /* Nuke */ = {
			isa = XCSwiftPackageProductDependency;
			package = 74157B6227149E5E005FE462 /* XCRemoteSwiftPackageReference "Nuke" */;
			productName = Nuke;
		};
/* End XCSwiftPackageProductDependency section */
	};
	rootObject = 740B78682675FAAF00BE773E /* Project object */;
}
